// !$*UTF8*$!
{
	archiveVersion = 1;
	classes = {
	};
	objectVersion = 50;
	objects = {

/* Begin PBXBuildFile section */
		BF6D7F2F232D78E6002C8F2C /* AppDelegate.swift in Sources */ = {isa = PBXBuildFile; fileRef = BF6D7F2E232D78E6002C8F2C /* AppDelegate.swift */; };
		BF6D7F31232D78E6002C8F2C /* art.scnassets in Resources */ = {isa = PBXBuildFile; fileRef = BF6D7F30232D78E6002C8F2C /* art.scnassets */; };
		BF6D7F33232D78E6002C8F2C /* ViewController.swift in Sources */ = {isa = PBXBuildFile; fileRef = BF6D7F32232D78E6002C8F2C /* ViewController.swift */; };
		BF6D7F36232D78E6002C8F2C /* Main.storyboard in Resources */ = {isa = PBXBuildFile; fileRef = BF6D7F34232D78E6002C8F2C /* Main.storyboard */; };
		BF6D7F38232D78E7002C8F2C /* Assets.xcassets in Resources */ = {isa = PBXBuildFile; fileRef = BF6D7F37232D78E7002C8F2C /* Assets.xcassets */; };
		BF6D7F3B232D78E7002C8F2C /* LaunchScreen.storyboard in Resources */ = {isa = PBXBuildFile; fileRef = BF6D7F39232D78E7002C8F2C /* LaunchScreen.storyboard */; };
/* End PBXBuildFile section */

/* Begin PBXFileReference section */
		BF6D7F2B232D78E6002C8F2C /* ARGeoViewer.app */ = {isa = PBXFileReference; explicitFileType = wrapper.application; includeInIndex = 0; path = ARGeoViewer.app; sourceTree = BUILT_PRODUCTS_DIR; };
		BF6D7F2E232D78E6002C8F2C /* AppDelegate.swift */ = {isa = PBXFileReference; lastKnownFileType = sourcecode.swift; path = AppDelegate.swift; sourceTree = "<group>"; };
		BF6D7F30232D78E6002C8F2C /* art.scnassets */ = {isa = PBXFileReference; lastKnownFileType = wrapper.scnassets; path = art.scnassets; sourceTree = "<group>"; };
		BF6D7F32232D78E6002C8F2C /* ViewController.swift */ = {isa = PBXFileReference; lastKnownFileType = sourcecode.swift; path = ViewController.swift; sourceTree = "<group>"; };
		BF6D7F35232D78E6002C8F2C /* Base */ = {isa = PBXFileReference; lastKnownFileType = file.storyboard; name = Base; path = Base.lproj/Main.storyboard; sourceTree = "<group>"; };
		BF6D7F37232D78E7002C8F2C /* Assets.xcassets */ = {isa = PBXFileReference; lastKnownFileType = folder.assetcatalog; path = Assets.xcassets; sourceTree = "<group>"; };
		BF6D7F3A232D78E7002C8F2C /* Base */ = {isa = PBXFileReference; lastKnownFileType = file.storyboard; name = Base; path = Base.lproj/LaunchScreen.storyboard; sourceTree = "<group>"; };
		BF6D7F3C232D78E7002C8F2C /* Info.plist */ = {isa = PBXFileReference; lastKnownFileType = text.plist.xml; path = Info.plist; sourceTree = "<group>"; };
/* End PBXFileReference section */

/* Begin PBXFrameworksBuildPhase section */
		BF6D7F28232D78E6002C8F2C /* Frameworks */ = {
			isa = PBXFrameworksBuildPhase;
			buildActionMask = 2147483647;
			files = (
			);
			runOnlyForDeploymentPostprocessing = 0;
		};
/* End PBXFrameworksBuildPhase section */

/* Begin PBXGroup section */
		BF6D7F22232D78E6002C8F2C = {
			isa = PBXGroup;
			children = (
				BF6D7F2D232D78E6002C8F2C /* ARGeoViewer */,
				BF6D7F2C232D78E6002C8F2C /* Products */,
			);
			sourceTree = "<group>";
		};
		BF6D7F2C232D78E6002C8F2C /* Products */ = {
			isa = PBXGroup;
			children = (
				BF6D7F2B232D78E6002C8F2C /* ARGeoViewer.app */,
			);
			name = Products;
			sourceTree = "<group>";
		};
		BF6D7F2D232D78E6002C8F2C /* ARGeoViewer */ = {
			isa = PBXGroup;
			children = (
				BF6D7F2E232D78E6002C8F2C /* AppDelegate.swift */,
				BF6D7F30232D78E6002C8F2C /* art.scnassets */,
				BF6D7F32232D78E6002C8F2C /* ViewController.swift */,
				BF6D7F34232D78E6002C8F2C /* Main.storyboard */,
				BF6D7F37232D78E7002C8F2C /* Assets.xcassets */,
				BF6D7F39232D78E7002C8F2C /* LaunchScreen.storyboard */,
				BF6D7F3C232D78E7002C8F2C /* Info.plist */,
			);
			path = ARGeoViewer;
			sourceTree = "<group>";
		};
/* End PBXGroup section */

/* Begin PBXNativeTarget section */
		BF6D7F2A232D78E6002C8F2C /* ARGeoViewer */ = {
			isa = PBXNativeTarget;
			buildConfigurationList = BF6D7F3F232D78E7002C8F2C /* Build configuration list for PBXNativeTarget "ARGeoViewer" */;
			buildPhases = (
				BF6D7F27232D78E6002C8F2C /* Sources */,
				BF6D7F28232D78E6002C8F2C /* Frameworks */,
				BF6D7F29232D78E6002C8F2C /* Resources */,
			);
			buildRules = (
			);
			dependencies = (
			);
			name = ARGeoViewer;
			productName = ARGeoViewer;
			productReference = BF6D7F2B232D78E6002C8F2C /* ARGeoViewer.app */;
			productType = "com.apple.product-type.application";
		};
/* End PBXNativeTarget section */

/* Begin PBXProject section */
		BF6D7F23232D78E6002C8F2C /* Project object */ = {
			isa = PBXProject;
			attributes = {
				LastSwiftUpdateCheck = 1030;
				LastUpgradeCheck = 1030;
				ORGANIZATIONNAME = "Andy Martushev";
				TargetAttributes = {
					BF6D7F2A232D78E6002C8F2C = {
						CreatedOnToolsVersion = 10.3;
					};
				};
			};
			buildConfigurationList = BF6D7F26232D78E6002C8F2C /* Build configuration list for PBXProject "ARGeoViewer" */;
			compatibilityVersion = "Xcode 9.3";
			developmentRegion = en;
			hasScannedForEncodings = 0;
			knownRegions = (
				en,
				Base,
			);
			mainGroup = BF6D7F22232D78E6002C8F2C;
			productRefGroup = BF6D7F2C232D78E6002C8F2C /* Products */;
			projectDirPath = "";
			projectRoot = "";
			targets = (
				BF6D7F2A232D78E6002C8F2C /* ARGeoViewer */,
			);
		};
/* End PBXProject section */

/* Begin PBXResourcesBuildPhase section */
		BF6D7F29232D78E6002C8F2C /* Resources */ = {
			isa = PBXResourcesBuildPhase;
			buildActionMask = 2147483647;
			files = (
				BF6D7F31232D78E6002C8F2C /* art.scnassets in Resources */,
				BF6D7F3B232D78E7002C8F2C /* LaunchScreen.storyboard in Resources */,
				BF6D7F38232D78E7002C8F2C /* Assets.xcassets in Resources */,
				BF6D7F36232D78E6002C8F2C /* Main.storyboard in Resources */,
			);
			runOnlyForDeploymentPostprocessing = 0;
		};
/* End PBXResourcesBuildPhase section */

/* Begin PBXSourcesBuildPhase section */
		BF6D7F27232D78E6002C8F2C /* Sources */ = {
			isa = PBXSourcesBuildPhase;
			buildActionMask = 2147483647;
			files = (
				BF6D7F33232D78E6002C8F2C /* ViewController.swift in Sources */,
				BF6D7F2F232D78E6002C8F2C /* AppDelegate.swift in Sources */,
			);
			runOnlyForDeploymentPostprocessing = 0;
		};
/* End PBXSourcesBuildPhase section */

/* Begin PBXVariantGroup section */
		BF6D7F34232D78E6002C8F2C /* Main.storyboard */ = {
			isa = PBXVariantGroup;
			children = (
				BF6D7F35232D78E6002C8F2C /* Base */,
			);
			name = Main.storyboard;
			sourceTree = "<group>";
		};
		BF6D7F39232D78E7002C8F2C /* LaunchScreen.storyboard */ = {
			isa = PBXVariantGroup;
			children = (
				BF6D7F3A232D78E7002C8F2C /* Base */,
			);
			name = LaunchScreen.storyboard;
			sourceTree = "<group>";
		};
/* End PBXVariantGroup section */

/* Begin XCBuildConfiguration section */
		BF6D7F3D232D78E7002C8F2C /* Debug */ = {
			isa = XCBuildConfiguration;
			buildSettings = {
				ALWAYS_SEARCH_USER_PATHS = NO;
				CLANG_ANALYZER_NONNULL = YES;
				CLANG_ANALYZER_NUMBER_OBJECT_CONVERSION = YES_AGGRESSIVE;
				CLANG_CXX_LANGUAGE_STANDARD = "gnu++14";
				CLANG_CXX_LIBRARY = "libc++";
				CLANG_ENABLE_MODULES = YES;
				CLANG_ENABLE_OBJC_ARC = YES;
				CLANG_ENABLE_OBJC_WEAK = YES;
				CLANG_WARN_BLOCK_CAPTURE_AUTORELEASING = YES;
				CLANG_WARN_BOOL_CONVERSION = YES;
				CLANG_WARN_COMMA = YES;
				CLANG_WARN_CONSTANT_CONVERSION = YES;
				CLANG_WARN_DEPRECATED_OBJC_IMPLEMENTATIONS = YES;
				CLANG_WARN_DIRECT_OBJC_ISA_USAGE = YES_ERROR;
				CLANG_WARN_DOCUMENTATION_COMMENTS = YES;
				CLANG_WARN_EMPTY_BODY = YES;
				CLANG_WARN_ENUM_CONVERSION = YES;
				CLANG_WARN_INFINITE_RECURSION = YES;
				CLANG_WARN_INT_CONVERSION = YES;
				CLANG_WARN_NON_LITERAL_NULL_CONVERSION = YES;
				CLANG_WARN_OBJC_IMPLICIT_RETAIN_SELF = YES;
				CLANG_WARN_OBJC_LITERAL_CONVERSION = YES;
				CLANG_WARN_OBJC_ROOT_CLASS = YES_ERROR;
				CLANG_WARN_RANGE_LOOP_ANALYSIS = YES;
				CLANG_WARN_STRICT_PROTOTYPES = YES;
				CLANG_WARN_SUSPICIOUS_MOVE = YES;
				CLANG_WARN_UNGUARDED_AVAILABILITY = YES_AGGRESSIVE;
				CLANG_WARN_UNREACHABLE_CODE = YES;
				CLANG_WARN__DUPLICATE_METHOD_MATCH = YES;
				CODE_SIGN_IDENTITY = "iPhone Developer";
				COPY_PHASE_STRIP = NO;
				DEBUG_INFORMATION_FORMAT = dwarf;
				ENABLE_STRICT_OBJC_MSGSEND = YES;
				ENABLE_TESTABILITY = YES;
				GCC_C_LANGUAGE_STANDARD = gnu11;
				GCC_DYNAMIC_NO_PIC = NO;
				GCC_NO_COMMON_BLOCKS = YES;
				GCC_OPTIMIZATION_LEVEL = 0;
				GCC_PREPROCESSOR_DEFINITIONS = (
					"DEBUG=1",
					"$(inherited)",
				);
				GCC_WARN_64_TO_32_BIT_CONVERSION = YES;
				GCC_WARN_ABOUT_RETURN_TYPE = YES_ERROR;
				GCC_WARN_UNDECLARED_SELECTOR = YES;
				GCC_WARN_UNINITIALIZED_AUTOS = YES_AGGRESSIVE;
				GCC_WARN_UNUSED_FUNCTION = YES;
				GCC_WARN_UNUSED_VARIABLE = YES;
				IPHONEOS_DEPLOYMENT_TARGET = 12.4;
				MTL_ENABLE_DEBUG_INFO = INCLUDE_SOURCE;
				MTL_FAST_MATH = YES;
				ONLY_ACTIVE_ARCH = YES;
				SDKROOT = iphoneos;
				SWIFT_ACTIVE_COMPILATION_CONDITIONS = DEBUG;
				SWIFT_OPTIMIZATION_LEVEL = "-Onone";
			};
			name = Debug;
		};
		BF6D7F3E232D78E7002C8F2C /* Release */ = {
			isa = XCBuildConfiguration;
			buildSettings = {
				ALWAYS_SEARCH_USER_PATHS = NO;
				CLANG_ANALYZER_NONNULL = YES;
				CLANG_ANALYZER_NUMBER_OBJECT_CONVERSION = YES_AGGRESSIVE;
				CLANG_CXX_LANGUAGE_STANDARD = "gnu++14";
				CLANG_CXX_LIBRARY = "libc++";
				CLANG_ENABLE_MODULES = YES;
				CLANG_ENABLE_OBJC_ARC = YES;
				CLANG_ENABLE_OBJC_WEAK = YES;
				CLANG_WARN_BLOCK_CAPTURE_AUTORELEASING = YES;
				CLANG_WARN_BOOL_CONVERSION = YES;
				CLANG_WARN_COMMA = YES;
				CLANG_WARN_CONSTANT_CONVERSION = YES;
				CLANG_WARN_DEPRECATED_OBJC_IMPLEMENTATIONS = YES;
				CLANG_WARN_DIRECT_OBJC_ISA_USAGE = YES_ERROR;
				CLANG_WARN_DOCUMENTATION_COMMENTS = YES;
				CLANG_WARN_EMPTY_BODY = YES;
				CLANG_WARN_ENUM_CONVERSION = YES;
				CLANG_WARN_INFINITE_RECURSION = YES;
				CLANG_WARN_INT_CONVERSION = YES;
				CLANG_WARN_NON_LITERAL_NULL_CONVERSION = YES;
				CLANG_WARN_OBJC_IMPLICIT_RETAIN_SELF = YES;
				CLANG_WARN_OBJC_LITERAL_CONVERSION = YES;
				CLANG_WARN_OBJC_ROOT_CLASS = YES_ERROR;
				CLANG_WARN_RANGE_LOOP_ANALYSIS = YES;
				CLANG_WARN_STRICT_PROTOTYPES = YES;
				CLANG_WARN_SUSPICIOUS_MOVE = YES;
				CLANG_WARN_UNGUARDED_AVAILABILITY = YES_AGGRESSIVE;
				CLANG_WARN_UNREACHABLE_CODE = YES;
				CLANG_WARN__DUPLICATE_METHOD_MATCH = YES;
				CODE_SIGN_IDENTITY = "iPhone Developer";
				COPY_PHASE_STRIP = NO;
				DEBUG_INFORMATION_FORMAT = "dwarf-with-dsym";
				ENABLE_NS_ASSERTIONS = NO;
				ENABLE_STRICT_OBJC_MSGSEND = YES;
				GCC_C_LANGUAGE_STANDARD = gnu11;
				GCC_NO_COMMON_BLOCKS = YES;
				GCC_WARN_64_TO_32_BIT_CONVERSION = YES;
				GCC_WARN_ABOUT_RETURN_TYPE = YES_ERROR;
				GCC_WARN_UNDECLARED_SELECTOR = YES;
				GCC_WARN_UNINITIALIZED_AUTOS = YES_AGGRESSIVE;
				GCC_WARN_UNUSED_FUNCTION = YES;
				GCC_WARN_UNUSED_VARIABLE = YES;
				IPHONEOS_DEPLOYMENT_TARGET = 12.4;
				MTL_ENABLE_DEBUG_INFO = NO;
				MTL_FAST_MATH = YES;
				SDKROOT = iphoneos;
				SWIFT_COMPILATION_MODE = wholemodule;
				SWIFT_OPTIMIZATION_LEVEL = "-O";
				VALIDATE_PRODUCT = YES;
			};
			name = Release;
		};
		BF6D7F40232D78E7002C8F2C /* Debug */ = {
			isa = XCBuildConfiguration;
			buildSettings = {
				ASSETCATALOG_COMPILER_APPICON_NAME = AppIcon;
				CODE_SIGN_STYLE = Automatic;
				INFOPLIST_FILE = ARGeoViewer/Info.plist;
				LD_RUNPATH_SEARCH_PATHS = (
					"$(inherited)",
					"@executable_path/Frameworks",
				);
				PRODUCT_BUNDLE_IDENTIFIER = com.xymtek.ARGeoViewer;
				PRODUCT_NAME = "$(TARGET_NAME)";
				SWIFT_VERSION = 5.0;
				TARGETED_DEVICE_FAMILY = "1,2";
			};
			name = Debug;
		};
		BF6D7F41232D78E7002C8F2C /* Release */ = {
			isa = XCBuildConfiguration;
			buildSettings = {
				ASSETCATALOG_COMPILER_APPICON_NAME = AppIcon;
				CODE_SIGN_STYLE = Automatic;
				INFOPLIST_FILE = ARGeoViewer/Info.plist;
				LD_RUNPATH_SEARCH_PATHS = (
					"$(inherited)",
					"@executable_path/Frameworks",
				);
				PRODUCT_BUNDLE_IDENTIFIER = com.xymtek.ARGeoViewer;
				PRODUCT_NAME = "$(TARGET_NAME)";
				SWIFT_VERSION = 5.0;
				TARGETED_DEVICE_FAMILY = "1,2";
			};
			name = Release;
		};
/* End XCBuildConfiguration section */

/* Begin XCConfigurationList section */
		BF6D7F26232D78E6002C8F2C /* Build configuration list for PBXProject "ARGeoViewer" */ = {
			isa = XCConfigurationList;
			buildConfigurations = (
				BF6D7F3D232D78E7002C8F2C /* Debug */,
				BF6D7F3E232D78E7002C8F2C /* Release */,
			);
			defaultConfigurationIsVisible = 0;
			defaultConfigurationName = Release;
		};
		BF6D7F3F232D78E7002C8F2C /* Build configuration list for PBXNativeTarget "ARGeoViewer" */ = {
			isa = XCConfigurationList;
			buildConfigurations = (
				BF6D7F40232D78E7002C8F2C /* Debug */,
				BF6D7F41232D78E7002C8F2C /* Release */,
			);
			defaultConfigurationIsVisible = 0;
			defaultConfigurationName = Release;
		};
/* End XCConfigurationList section */
	};
	rootObject = BF6D7F23232D78E6002C8F2C /* Project object */;
}
